// !$*UTF8*$!
{
	archiveVersion = 1;
	classes = {
	};
	objectVersion = 46;
	objects = {

/* Begin PBXBuildFile section */
		CE510A8B1D0815B300630A18 /* MobileCoreServices.framework in Frameworks */ = {isa = PBXBuildFile; fileRef = CE510A8A1D0815B300630A18 /* MobileCoreServices.framework */; };
		CE510A8D1D08241500630A18 /* URLTableViewCell.swift in Sources */ = {isa = PBXBuildFile; fileRef = CE510A8C1D08241500630A18 /* URLTableViewCell.swift */; };
		CEAEA1E81D015E9D003D9621 /* AppDelegate.swift in Sources */ = {isa = PBXBuildFile; fileRef = CEAEA1E71D015E9D003D9621 /* AppDelegate.swift */; };
		CEAEA1EA1D015E9D003D9621 /* ViewController.swift in Sources */ = {isa = PBXBuildFile; fileRef = CEAEA1E91D015E9D003D9621 /* ViewController.swift */; };
		CEAEA1ED1D015E9D003D9621 /* Main.storyboard in Resources */ = {isa = PBXBuildFile; fileRef = CEAEA1EB1D015E9D003D9621 /* Main.storyboard */; };
		CEAEA1EF1D015E9D003D9621 /* Assets.xcassets in Resources */ = {isa = PBXBuildFile; fileRef = CEAEA1EE1D015E9D003D9621 /* Assets.xcassets */; };
		CEAEA1F21D015E9D003D9621 /* LaunchScreen.storyboard in Resources */ = {isa = PBXBuildFile; fileRef = CEAEA1F01D015E9D003D9621 /* LaunchScreen.storyboard */; };
		CEAEA2001D015EE0003D9621 /* ShareViewController.swift in Sources */ = {isa = PBXBuildFile; fileRef = CEAEA1FF1D015EE0003D9621 /* ShareViewController.swift */; };
		CEAEA2031D015EE0003D9621 /* MainInterface.storyboard in Resources */ = {isa = PBXBuildFile; fileRef = CEAEA2011D015EE0003D9621 /* MainInterface.storyboard */; };
		CEAEA2071D015EE0003D9621 /* GetURL.appex in Embed App Extensions */ = {isa = PBXBuildFile; fileRef = CEAEA1FD1D015EE0003D9621 /* GetURL.appex */; settings = {ATTRIBUTES = (RemoveHeadersOnCopy, ); }; };
		CECCDFB81D0695A700E03BDE /* Script.js in Resources */ = {isa = PBXBuildFile; fileRef = CECCDFB71D0695A700E03BDE /* Script.js */; };
/* End PBXBuildFile section */

/* Begin PBXContainerItemProxy section */
		CEAEA2051D015EE0003D9621 /* PBXContainerItemProxy */ = {
			isa = PBXContainerItemProxy;
			containerPortal = CEAEA1DC1D015E9D003D9621 /* Project object */;
			proxyType = 1;
			remoteGlobalIDString = CEAEA1FC1D015EE0003D9621;
			remoteInfo = GetURL;
		};
/* End PBXContainerItemProxy section */

/* Begin PBXCopyFilesBuildPhase section */
		CEAEA20B1D015EE0003D9621 /* Embed App Extensions */ = {
			isa = PBXCopyFilesBuildPhase;
			buildActionMask = 2147483647;
			dstPath = "";
			dstSubfolderSpec = 13;
			files = (
				CEAEA2071D015EE0003D9621 /* GetURL.appex in Embed App Extensions */,
			);
			name = "Embed App Extensions";
			runOnlyForDeploymentPostprocessing = 0;
		};
/* End PBXCopyFilesBuildPhase section */

/* Begin PBXFileReference section */
		CE510A8A1D0815B300630A18 /* MobileCoreServices.framework */ = {isa = PBXFileReference; lastKnownFileType = wrapper.framework; name = MobileCoreServices.framework; path = System/Library/Frameworks/MobileCoreServices.framework; sourceTree = SDKROOT; };
		CE510A8C1D08241500630A18 /* URLTableViewCell.swift */ = {isa = PBXFileReference; fileEncoding = 4; lastKnownFileType = sourcecode.swift; path = URLTableViewCell.swift; sourceTree = "<group>"; };
		CEAEA1E41D015E9D003D9621 /* ShareExtentionSwift.app */ = {isa = PBXFileReference; explicitFileType = wrapper.application; includeInIndex = 0; path = ShareExtentionSwift.app; sourceTree = BUILT_PRODUCTS_DIR; };
		CEAEA1E71D015E9D003D9621 /* AppDelegate.swift */ = {isa = PBXFileReference; lastKnownFileType = sourcecode.swift; path = AppDelegate.swift; sourceTree = "<group>"; };
		CEAEA1E91D015E9D003D9621 /* ViewController.swift */ = {isa = PBXFileReference; lastKnownFileType = sourcecode.swift; path = ViewController.swift; sourceTree = "<group>"; };
		CEAEA1EC1D015E9D003D9621 /* Base */ = {isa = PBXFileReference; lastKnownFileType = file.storyboard; name = Base; path = Base.lproj/Main.storyboard; sourceTree = "<group>"; };
		CEAEA1EE1D015E9D003D9621 /* Assets.xcassets */ = {isa = PBXFileReference; lastKnownFileType = folder.assetcatalog; path = Assets.xcassets; sourceTree = "<group>"; };
		CEAEA1F11D015E9D003D9621 /* Base */ = {isa = PBXFileReference; lastKnownFileType = file.storyboard; name = Base; path = Base.lproj/LaunchScreen.storyboard; sourceTree = "<group>"; };
		CEAEA1F31D015E9D003D9621 /* Info.plist */ = {isa = PBXFileReference; lastKnownFileType = text.plist.xml; path = Info.plist; sourceTree = "<group>"; };
		CEAEA1FD1D015EE0003D9621 /* GetURL.appex */ = {isa = PBXFileReference; explicitFileType = "wrapper.app-extension"; includeInIndex = 0; path = GetURL.appex; sourceTree = BUILT_PRODUCTS_DIR; };
		CEAEA1FF1D015EE0003D9621 /* ShareViewController.swift */ = {isa = PBXFileReference; lastKnownFileType = sourcecode.swift; path = ShareViewController.swift; sourceTree = "<group>"; };
		CEAEA2021D015EE0003D9621 /* Base */ = {isa = PBXFileReference; lastKnownFileType = file.storyboard; name = Base; path = Base.lproj/MainInterface.storyboard; sourceTree = "<group>"; };
		CEAEA2041D015EE0003D9621 /* Info.plist */ = {isa = PBXFileReference; lastKnownFileType = text.plist.xml; path = Info.plist; sourceTree = "<group>"; };
		CEAEA20C1D015EEE003D9621 /* GetURL.entitlements */ = {isa = PBXFileReference; lastKnownFileType = text.xml; path = GetURL.entitlements; sourceTree = "<group>"; };
		CECCDFB71D0695A700E03BDE /* Script.js */ = {isa = PBXFileReference; fileEncoding = 4; lastKnownFileType = sourcecode.javascript; path = Script.js; sourceTree = "<group>"; };
/* End PBXFileReference section */

/* Begin PBXFrameworksBuildPhase section */
		CEAEA1E11D015E9D003D9621 /* Frameworks */ = {
			isa = PBXFrameworksBuildPhase;
			buildActionMask = 2147483647;
			files = (
			);
			runOnlyForDeploymentPostprocessing = 0;
		};
		CEAEA1FA1D015EE0003D9621 /* Frameworks */ = {
			isa = PBXFrameworksBuildPhase;
			buildActionMask = 2147483647;
			files = (
				CE510A8B1D0815B300630A18 /* MobileCoreServices.framework in Frameworks */,
			);
			runOnlyForDeploymentPostprocessing = 0;
		};
/* End PBXFrameworksBuildPhase section */

/* Begin PBXGroup section */
		CEAEA1DB1D015E9D003D9621 = {
			isa = PBXGroup;
			children = (
				CE510A8A1D0815B300630A18 /* MobileCoreServices.framework */,
				CEAEA1E61D015E9D003D9621 /* ShareExtentionSwift */,
				CEAEA1FE1D015EE0003D9621 /* GetURL */,
				CEAEA1E51D015E9D003D9621 /* Products */,
			);
			sourceTree = "<group>";
		};
		CEAEA1E51D015E9D003D9621 /* Products */ = {
			isa = PBXGroup;
			children = (
				CEAEA1E41D015E9D003D9621 /* ShareExtentionSwift.app */,
				CEAEA1FD1D015EE0003D9621 /* GetURL.appex */,
			);
			name = Products;
			sourceTree = "<group>";
		};
		CEAEA1E61D015E9D003D9621 /* ShareExtentionSwift */ = {
			isa = PBXGroup;
			children = (
				CEAEA1E71D015E9D003D9621 /* AppDelegate.swift */,
				CEAEA1E91D015E9D003D9621 /* ViewController.swift */,
				CE510A8C1D08241500630A18 /* URLTableViewCell.swift */,
				CEAEA1EB1D015E9D003D9621 /* Main.storyboard */,
				CEAEA1EE1D015E9D003D9621 /* Assets.xcassets */,
				CEAEA1F01D015E9D003D9621 /* LaunchScreen.storyboard */,
				CEAEA1F31D015E9D003D9621 /* Info.plist */,
			);
			path = ShareExtentionSwift;
			sourceTree = "<group>";
		};
		CEAEA1FE1D015EE0003D9621 /* GetURL */ = {
			isa = PBXGroup;
			children = (
				CEAEA20C1D015EEE003D9621 /* GetURL.entitlements */,
				CEAEA1FF1D015EE0003D9621 /* ShareViewController.swift */,
				CEAEA2011D015EE0003D9621 /* MainInterface.storyboard */,
				CEAEA2041D015EE0003D9621 /* Info.plist */,
				CECCDFB71D0695A700E03BDE /* Script.js */,
			);
			path = GetURL;
			sourceTree = "<group>";
		};
/* End PBXGroup section */

/* Begin PBXNativeTarget section */
		CEAEA1E31D015E9D003D9621 /* ShareExtentionSwift */ = {
			isa = PBXNativeTarget;
			buildConfigurationList = CEAEA1F61D015E9D003D9621 /* Build configuration list for PBXNativeTarget "ShareExtentionSwift" */;
			buildPhases = (
				CEAEA1E01D015E9D003D9621 /* Sources */,
				CEAEA1E11D015E9D003D9621 /* Frameworks */,
				CEAEA1E21D015E9D003D9621 /* Resources */,
				CEAEA20B1D015EE0003D9621 /* Embed App Extensions */,
			);
			buildRules = (
			);
			dependencies = (
				CEAEA2061D015EE0003D9621 /* PBXTargetDependency */,
			);
			name = ShareExtentionSwift;
			productName = ShareExtentionSwift;
			productReference = CEAEA1E41D015E9D003D9621 /* ShareExtentionSwift.app */;
			productType = "com.apple.product-type.application";
		};
		CEAEA1FC1D015EE0003D9621 /* GetURL */ = {
			isa = PBXNativeTarget;
			buildConfigurationList = CEAEA2081D015EE0003D9621 /* Build configuration list for PBXNativeTarget "GetURL" */;
			buildPhases = (
				CEAEA1F91D015EE0003D9621 /* Sources */,
				CEAEA1FA1D015EE0003D9621 /* Frameworks */,
				CEAEA1FB1D015EE0003D9621 /* Resources */,
			);
			buildRules = (
			);
			dependencies = (
			);
			name = GetURL;
			productName = GetURL;
			productReference = CEAEA1FD1D015EE0003D9621 /* GetURL.appex */;
			productType = "com.apple.product-type.app-extension";
		};
/* End PBXNativeTarget section */

/* Begin PBXProject section */
		CEAEA1DC1D015E9D003D9621 /* Project object */ = {
			isa = PBXProject;
			attributes = {
				LastSwiftUpdateCheck = 0730;
				LastUpgradeCheck = 0730;
				ORGANIZATIONNAME = user;
				TargetAttributes = {
					CEAEA1E31D015E9D003D9621 = {
						CreatedOnToolsVersion = 7.3.1;
					};
					CEAEA1FC1D015EE0003D9621 = {
						CreatedOnToolsVersion = 7.3.1;
						DevelopmentTeam = ESS76MX5U7;
						SystemCapabilities = {
							com.apple.ApplicationGroups.iOS = {
								enabled = 1;
							};
						};
					};
				};
			};
			buildConfigurationList = CEAEA1DF1D015E9D003D9621 /* Build configuration list for PBXProject "ShareExtentionSwift" */;
			compatibilityVersion = "Xcode 3.2";
			developmentRegion = English;
			hasScannedForEncodings = 0;
			knownRegions = (
				en,
				Base,
			);
			mainGroup = CEAEA1DB1D015E9D003D9621;
			productRefGroup = CEAEA1E51D015E9D003D9621 /* Products */;
			projectDirPath = "";
			projectRoot = "";
			targets = (
				CEAEA1E31D015E9D003D9621 /* ShareExtentionSwift */,
				CEAEA1FC1D015EE0003D9621 /* GetURL */,
			);
		};
/* End PBXProject section */

/* Begin PBXResourcesBuildPhase section */
		CEAEA1E21D015E9D003D9621 /* Resources */ = {
			isa = PBXResourcesBuildPhase;
			buildActionMask = 2147483647;
			files = (
				CEAEA1F21D015E9D003D9621 /* LaunchScreen.storyboard in Resources */,
				CEAEA1EF1D015E9D003D9621 /* Assets.xcassets in Resources */,
				CEAEA1ED1D015E9D003D9621 /* Main.storyboard in Resources */,
			);
			runOnlyForDeploymentPostprocessing = 0;
		};
		CEAEA1FB1D015EE0003D9621 /* Resources */ = {
			isa = PBXResourcesBuildPhase;
			buildActionMask = 2147483647;
			files = (
				CEAEA2031D015EE0003D9621 /* MainInterface.storyboard in Resources */,
				CECCDFB81D0695A700E03BDE /* Script.js in Resources */,
			);
			runOnlyForDeploymentPostprocessing = 0;
		};
/* End PBXResourcesBuildPhase section */

/* Begin PBXSourcesBuildPhase section */
		CEAEA1E01D015E9D003D9621 /* Sources */ = {
			isa = PBXSourcesBuildPhase;
			buildActionMask = 2147483647;
			files = (
				CEAEA1EA1D015E9D003D9621 /* ViewController.swift in Sources */,
				CEAEA1E81D015E9D003D9621 /* AppDelegate.swift in Sources */,
				CE510A8D1D08241500630A18 /* URLTableViewCell.swift in Sources */,
			);
			runOnlyForDeploymentPostprocessing = 0;
		};
		CEAEA1F91D015EE0003D9621 /* Sources */ = {
			isa = PBXSourcesBuildPhase;
			buildActionMask = 2147483647;
			files = (
				CEAEA2001D015EE0003D9621 /* ShareViewController.swift in Sources */,
			);
			runOnlyForDeploymentPostprocessing = 0;
		};
/* End PBXSourcesBuildPhase section */

/* Begin PBXTargetDependency section */
		CEAEA2061D015EE0003D9621 /* PBXTargetDependency */ = {
			isa = PBXTargetDependency;
			target = CEAEA1FC1D015EE0003D9621 /* GetURL */;
			targetProxy = CEAEA2051D015EE0003D9621 /* PBXContainerItemProxy */;
		};
/* End PBXTargetDependency section */

/* Begin PBXVariantGroup section */
		CEAEA1EB1D015E9D003D9621 /* Main.storyboard */ = {
			isa = PBXVariantGroup;
			children = (
				CEAEA1EC1D015E9D003D9621 /* Base */,
			);
			name = Main.storyboard;
			sourceTree = "<group>";
		};
		CEAEA1F01D015E9D003D9621 /* LaunchScreen.storyboard */ = {
			isa = PBXVariantGroup;
			children = (
				CEAEA1F11D015E9D003D9621 /* Base */,
			);
			name = LaunchScreen.storyboard;
			sourceTree = "<group>";
		};
		CEAEA2011D015EE0003D9621 /* MainInterface.storyboard */ = {
			isa = PBXVariantGroup;
			children = (
				CEAEA2021D015EE0003D9621 /* Base */,
			);
			name = MainInterface.storyboard;
			sourceTree = "<group>";
		};
/* End PBXVariantGroup section */

/* Begin XCBuildConfiguration section */
		CEAEA1F41D015E9D003D9621 /* Debug */ = {
			isa = XCBuildConfiguration;
			buildSettings = {
				ALWAYS_SEARCH_USER_PATHS = NO;
				CLANG_ANALYZER_NONNULL = YES;
				CLANG_CXX_LANGUAGE_STANDARD = "gnu++0x";
				CLANG_CXX_LIBRARY = "libc++";
				CLANG_ENABLE_MODULES = YES;
				CLANG_ENABLE_OBJC_ARC = YES;
				CLANG_WARN_BOOL_CONVERSION = YES;
				CLANG_WARN_CONSTANT_CONVERSION = YES;
				CLANG_WARN_DIRECT_OBJC_ISA_USAGE = YES_ERROR;
				CLANG_WARN_EMPTY_BODY = YES;
				CLANG_WARN_ENUM_CONVERSION = YES;
				CLANG_WARN_INT_CONVERSION = YES;
				CLANG_WARN_OBJC_ROOT_CLASS = YES_ERROR;
				CLANG_WARN_UNREACHABLE_CODE = YES;
				CLANG_WARN__DUPLICATE_METHOD_MATCH = YES;
				"CODE_SIGN_IDENTITY[sdk=iphoneos*]" = "iPhone Developer";
				COPY_PHASE_STRIP = NO;
				DEBUG_INFORMATION_FORMAT = dwarf;
				ENABLE_STRICT_OBJC_MSGSEND = YES;
				ENABLE_TESTABILITY = YES;
				GCC_C_LANGUAGE_STANDARD = gnu99;
				GCC_DYNAMIC_NO_PIC = NO;
				GCC_NO_COMMON_BLOCKS = YES;
				GCC_OPTIMIZATION_LEVEL = 0;
				GCC_PREPROCESSOR_DEFINITIONS = (
					"DEBUG=1",
					"$(inherited)",
				);
				GCC_WARN_64_TO_32_BIT_CONVERSION = YES;
				GCC_WARN_ABOUT_RETURN_TYPE = YES_ERROR;
				GCC_WARN_UNDECLARED_SELECTOR = YES;
				GCC_WARN_UNINITIALIZED_AUTOS = YES_AGGRESSIVE;
				GCC_WARN_UNUSED_FUNCTION = YES;
				GCC_WARN_UNUSED_VARIABLE = YES;
				IPHONEOS_DEPLOYMENT_TARGET = 9.3;
				MTL_ENABLE_DEBUG_INFO = YES;
				ONLY_ACTIVE_ARCH = YES;
				SDKROOT = iphoneos;
				SWIFT_OPTIMIZATION_LEVEL = "-Onone";
			};
			name = Debug;
		};
		CEAEA1F51D015E9D003D9621 /* Release */ = {
			isa = XCBuildConfiguration;
			buildSettings = {
				ALWAYS_SEARCH_USER_PATHS = NO;
				CLANG_ANALYZER_NONNULL = YES;
				CLANG_CXX_LANGUAGE_STANDARD = "gnu++0x";
				CLANG_CXX_LIBRARY = "libc++";
				CLANG_ENABLE_MODULES = YES;
				CLANG_ENABLE_OBJC_ARC = YES;
				CLANG_WARN_BOOL_CONVERSION = YES;
				CLANG_WARN_CONSTANT_CONVERSION = YES;
				CLANG_WARN_DIRECT_OBJC_ISA_USAGE = YES_ERROR;
				CLANG_WARN_EMPTY_BODY = YES;
				CLANG_WARN_ENUM_CONVERSION = YES;
				CLANG_WARN_INT_CONVERSION = YES;
				CLANG_WARN_OBJC_ROOT_CLASS = YES_ERROR;
				CLANG_WARN_UNREACHABLE_CODE = YES;
				CLANG_WARN__DUPLICATE_METHOD_MATCH = YES;
				"CODE_SIGN_IDENTITY[sdk=iphoneos*]" = "iPhone Developer";
				COPY_PHASE_STRIP = NO;
				DEBUG_INFORMATION_FORMAT = "dwarf-with-dsym";
				ENABLE_NS_ASSERTIONS = NO;
				ENABLE_STRICT_OBJC_MSGSEND = YES;
				GCC_C_LANGUAGE_STANDARD = gnu99;
				GCC_NO_COMMON_BLOCKS = YES;
				GCC_WARN_64_TO_32_BIT_CONVERSION = YES;
				GCC_WARN_ABOUT_RETURN_TYPE = YES_ERROR;
				GCC_WARN_UNDECLARED_SELECTOR = YES;
				GCC_WARN_UNINITIALIZED_AUTOS = YES_AGGRESSIVE;
				GCC_WARN_UNUSED_FUNCTION = YES;
				GCC_WARN_UNUSED_VARIABLE = YES;
				IPHONEOS_DEPLOYMENT_TARGET = 9.3;
				MTL_ENABLE_DEBUG_INFO = NO;
				SDKROOT = iphoneos;
				VALIDATE_PRODUCT = YES;
			};
			name = Release;
		};
		CEAEA1F71D015E9D003D9621 /* Debug */ = {
			isa = XCBuildConfiguration;
			buildSettings = {
				ASSETCATALOG_COMPILER_APPICON_NAME = AppIcon;
				EMBEDDED_CONTENT_CONTAINS_SWIFT = YES;
				INFOPLIST_FILE = ShareExtentionSwift/Info.plist;
				LD_RUNPATH_SEARCH_PATHS = "$(inherited) @executable_path/Frameworks";
				PRODUCT_BUNDLE_IDENTIFIER = com.erabala.ShareExtentionSwift;
				PRODUCT_NAME = "$(TARGET_NAME)";
			};
			name = Debug;
		};
		CEAEA1F81D015E9D003D9621 /* Release */ = {
			isa = XCBuildConfiguration;
			buildSettings = {
				ASSETCATALOG_COMPILER_APPICON_NAME = AppIcon;
				EMBEDDED_CONTENT_CONTAINS_SWIFT = YES;
				INFOPLIST_FILE = ShareExtentionSwift/Info.plist;
				LD_RUNPATH_SEARCH_PATHS = "$(inherited) @executable_path/Frameworks";
				PRODUCT_BUNDLE_IDENTIFIER = com.erabala.ShareExtentionSwift;
				PRODUCT_NAME = "$(TARGET_NAME)";
			};
			name = Release;
		};
		CEAEA2091D015EE0003D9621 /* Debug */ = {
			isa = XCBuildConfiguration;
			buildSettings = {
				CODE_SIGN_ENTITLEMENTS = GetURL/GetURL.entitlements;
				INFOPLIST_FILE = GetURL/Info.plist;
				LD_RUNPATH_SEARCH_PATHS = "$(inherited) @executable_path/Frameworks @executable_path/../../Frameworks";
				PRODUCT_BUNDLE_IDENTIFIER = com.erabala.ShareExtentionSwift.GetURL;
				PRODUCT_NAME = "$(TARGET_NAME)";
				SKIP_INSTALL = YES;
			};
			name = Debug;
		};
		CEAEA20A1D015EE0003D9621 /* Release */ = {
			isa = XCBuildConfiguration;
			buildSettings = {
				CODE_SIGN_ENTITLEMENTS = GetURL/GetURL.entitlements;
				INFOPLIST_FILE = GetURL/Info.plist;
				LD_RUNPATH_SEARCH_PATHS = "$(inherited) @executable_path/Frameworks @executable_path/../../Frameworks";
				PRODUCT_BUNDLE_IDENTIFIER = com.erabala.ShareExtentionSwift.GetURL;
				PRODUCT_NAME = "$(TARGET_NAME)";
				SKIP_INSTALL = YES;
			};
			name = Release;
		};
/* End XCBuildConfiguration section */

/* Begin XCConfigurationList section */
		CEAEA1DF1D015E9D003D9621 /* Build configuration list for PBXProject "ShareExtentionSwift" */ = {
			isa = XCConfigurationList;
			buildConfigurations = (
				CEAEA1F41D015E9D003D9621 /* Debug */,
				CEAEA1F51D015E9D003D9621 /* Release */,
			);
			defaultConfigurationIsVisible = 0;
			defaultConfigurationName = Release;
		};
		CEAEA1F61D015E9D003D9621 /* Build configuration list for PBXNativeTarget "ShareExtentionSwift" */ = {
			isa = XCConfigurationList;
			buildConfigurations = (
				CEAEA1F71D015E9D003D9621 /* Debug */,
				CEAEA1F81D015E9D003D9621 /* Release */,
			);
			defaultConfigurationIsVisible = 0;
			defaultConfigurationName = Release;
		};
		CEAEA2081D015EE0003D9621 /* Build configuration list for PBXNativeTarget "GetURL" */ = {
			isa = XCConfigurationList;
			buildConfigurations = (
				CEAEA2091D015EE0003D9621 /* Debug */,
				CEAEA20A1D015EE0003D9621 /* Release */,
			);
			defaultConfigurationIsVisible = 0;
			defaultConfigurationName = Release;
		};
/* End XCConfigurationList section */
	};
	rootObject = CEAEA1DC1D015E9D003D9621 /* Project object */;
}
